
Microsoft Visual Studio Solution File, Format Version 12.00
# Visual Studio 2013
VisualStudioVersion = 12.0.31101.0
MinimumVisualStudioVersion = 10.0.40219.1
Project("{FAE04EC0-301F-11D3-BF4B-00C04F79EFBC}") = "thinkfin.web", "thinkfin.web\thinkfin.web.csproj", "{74C4945B-3DE3-4947-A122-27825C0CAAC6}"
EndProject
Project("{2150E333-8FDC-42A3-9474-1A3956D46DE8}") = "Utilities", "Utilities", "{952DE2F3-6D90-4C6C-95A5-55E7DE235457}"
EndProject
Project("{FAE04EC0-301F-11D3-BF4B-00C04F79EFBC}") = "ServiceTest", "ServiceTest\ServiceTest.csproj", "{07C17B5D-568F-43B5-AF78-D0A154709AEE}"
EndProject
Project("{2150E333-8FDC-42A3-9474-1A3956D46DE8}") = "Contracts", "Contracts", "{9459EA41-5A55-4887-A300-FDCC647AEAC7}"
EndProject
Project("{FAE04EC0-301F-11D3-BF4B-00C04F79EFBC}") = "thinkfin.web.tests", "thinkfin.web.tests\thinkfin.web.tests.csproj", "{E66514E6-0BBC-4418-924F-549527E53927}"
EndProject
Global
	GlobalSection(SolutionConfigurationPlatforms) = preSolution
		Debug|Any CPU = Debug|Any CPU
		Release|Any CPU = Release|Any CPU
	EndGlobalSection
	GlobalSection(ProjectConfigurationPlatforms) = postSolution
		{74C4945B-3DE3-4947-A122-27825C0CAAC6}.Debug|Any CPU.ActiveCfg = Debug|Any CPU
		{74C4945B-3DE3-4947-A122-27825C0CAAC6}.Debug|Any CPU.Build.0 = Debug|Any CPU
		{74C4945B-3DE3-4947-A122-27825C0CAAC6}.Release|Any CPU.ActiveCfg = Release|Any CPU
		{74C4945B-3DE3-4947-A122-27825C0CAAC6}.Release|Any CPU.Build.0 = Release|Any CPU
		{07C17B5D-568F-43B5-AF78-D0A154709AEE}.Debug|Any CPU.ActiveCfg = Debug|Any CPU
		{07C17B5D-568F-43B5-AF78-D0A154709AEE}.Debug|Any CPU.Build.0 = Debug|Any CPU
		{07C17B5D-568F-43B5-AF78-D0A154709AEE}.Release|Any CPU.ActiveCfg = Release|Any CPU
		{07C17B5D-568F-43B5-AF78-D0A154709AEE}.Release|Any CPU.Build.0 = Release|Any CPU
		{E66514E6-0BBC-4418-924F-549527E53927}.Debug|Any CPU.ActiveCfg = Debug|Any CPU
		{E66514E6-0BBC-4418-924F-549527E53927}.Debug|Any CPU.Build.0 = Debug|Any CPU
		{E66514E6-0BBC-4418-924F-549527E53927}.Release|Any CPU.ActiveCfg = Release|Any CPU
		{E66514E6-0BBC-4418-924F-549527E53927}.Release|Any CPU.Build.0 = Release|Any CPU
	EndGlobalSection
	GlobalSection(SolutionProperties) = preSolution
		HideSolutionNode = FALSE
	EndGlobalSection
	GlobalSection(NestedProjects) = preSolution
		{07C17B5D-568F-43B5-AF78-D0A154709AEE} = {952DE2F3-6D90-4C6C-95A5-55E7DE235457}
	EndGlobalSection
EndGlobal
